
Microsoft Visual Studio Solution File, Format Version 12.00
# Visual Studio Version 17
VisualStudioVersion = 17.10.35122.118
MinimumVisualStudioVersion = 10.0.40219.1
Project("{FAE04EC0-301F-11D3-BF4B-00C04F79EFBC}") = "HelperProgram", "HelperProgram\HelperProgram.csproj", "{6765980C-2AF3-4206-9F97-D1C72981A37D}"
EndProject
Global
	GlobalSection(SolutionConfigurationPlatforms) = preSolution
		Debug|Any CPU = Debug|Any CPU
		Release|Any CPU = Release|Any CPU
	EndGlobalSection
	GlobalSection(ProjectConfigurationPlatforms) = postSolution
		{6765980C-2AF3-4206-9F97-D1C72981A37D}.Debug|Any CPU.ActiveCfg = Debug|Any CPU
		{6765980C-2AF3-4206-9F97-D1C72981A37D}.Debug|Any CPU.Build.0 = Debug|Any CPU
		{6765980C-2AF3-4206-9F97-D1C72981A37D}.Release|Any CPU.ActiveCfg = Release|Any CPU
		{6765980C-2AF3-4206-9F97-D1C72981A37D}.Release|Any CPU.Build.0 = Release|Any CPU
	EndGlobalSection
	GlobalSection(SolutionProperties) = preSolution
		HideSolutionNode = FALSE
	EndGlobalSection
	GlobalSection(ExtensibilityGlobals) = postSolution
		SolutionGuid = {40CD43A8-A73F-4249-8BBF-FAB032446E24}
	EndGlobalSection
EndGlobal
